
Microsoft Visual Studio Solution File, Format Version 12.00
# Visual Studio Version 16
VisualStudioVersion = 25.0.1700.3
MinimumVisualStudioVersion = 10.0.40219.1
Project("{FAE04EC0-301F-11D3-BF4B-00C04F79EFBC}") = "GermanyEffecctiveAppartmentSearch", "KateLivingPlace\GermanyEffecctiveAppartmentSearch.csproj", "{2989C1EC-EB76-4305-8729-3BC7BBE6E5E7}"
EndProject
Global
	GlobalSection(SolutionConfigurationPlatforms) = preSolution
		Debug|Any CPU = Debug|Any CPU
		Release|Any CPU = Release|Any CPU
	EndGlobalSection
	GlobalSection(ProjectConfigurationPlatforms) = postSolution
		{2989C1EC-EB76-4305-8729-3BC7BBE6E5E7}.Debug|Any CPU.ActiveCfg = Debug|Any CPU
		{2989C1EC-EB76-4305-8729-3BC7BBE6E5E7}.Debug|Any CPU.Build.0 = Debug|Any CPU
		{2989C1EC-EB76-4305-8729-3BC7BBE6E5E7}.Release|Any CPU.ActiveCfg = Release|Any CPU
		{2989C1EC-EB76-4305-8729-3BC7BBE6E5E7}.Release|Any CPU.Build.0 = Release|Any CPU
	EndGlobalSection
	GlobalSection(SolutionProperties) = preSolution
		HideSolutionNode = FALSE
	EndGlobalSection
	GlobalSection(ExtensibilityGlobals) = postSolution
		SolutionGuid = {3DECE1DB-934B-4C42-986F-5A77EB990161}
	EndGlobalSection
EndGlobal
